
Microsoft Visual Studio Solution File, Format Version 12.00
# Visual Studio 15
VisualStudioVersion = 15.0.28010.2048
MinimumVisualStudioVersion = 10.0.40219.1
Project("{FAE04EC0-301F-11D3-BF4B-00C04F79EFBC}") = "Narvaja.JuanIgnacio.2D.TP3", "Narvaja.JuanIgnacio.2D.TP3\Narvaja.JuanIgnacio.2D.TP3.csproj", "{9C26C549-5719-4972-93C1-265A82A0736D}"
EndProject
Project("{FAE04EC0-301F-11D3-BF4B-00C04F79EFBC}") = "EntidadesAbstractas", "EntidadesAbstractas\EntidadesAbstractas.csproj", "{AF9FB66E-AB77-4586-9177-E3BD3CB7528D}"
EndProject
Global
	GlobalSection(SolutionConfigurationPlatforms) = preSolution
		Debug|Any CPU = Debug|Any CPU
		Release|Any CPU = Release|Any CPU
	EndGlobalSection
	GlobalSection(ProjectConfigurationPlatforms) = postSolution
		{9C26C549-5719-4972-93C1-265A82A0736D}.Debug|Any CPU.ActiveCfg = Debug|Any CPU
		{9C26C549-5719-4972-93C1-265A82A0736D}.Debug|Any CPU.Build.0 = Debug|Any CPU
		{9C26C549-5719-4972-93C1-265A82A0736D}.Release|Any CPU.ActiveCfg = Release|Any CPU
		{9C26C549-5719-4972-93C1-265A82A0736D}.Release|Any CPU.Build.0 = Release|Any CPU
		{AF9FB66E-AB77-4586-9177-E3BD3CB7528D}.Debug|Any CPU.ActiveCfg = Debug|Any CPU
		{AF9FB66E-AB77-4586-9177-E3BD3CB7528D}.Debug|Any CPU.Build.0 = Debug|Any CPU
		{AF9FB66E-AB77-4586-9177-E3BD3CB7528D}.Release|Any CPU.ActiveCfg = Release|Any CPU
		{AF9FB66E-AB77-4586-9177-E3BD3CB7528D}.Release|Any CPU.Build.0 = Release|Any CPU
	EndGlobalSection
	GlobalSection(SolutionProperties) = preSolution
		HideSolutionNode = FALSE
	EndGlobalSection
	GlobalSection(ExtensibilityGlobals) = postSolution
		SolutionGuid = {7A683C16-1886-44E7-9F1E-22C63029DABB}
	EndGlobalSection
EndGlobal
